version = 1
revision = 3
requires-python = ">=3.13"

[[package]]
name = "asgiref"
version = "3.12.1"
source = { registry = "https://pypi.org/simple" }
sdist = { url = "https://files.pythonhosted.org/packages/e6/26/3b59f2bdae5f640389becb1f673cded775287f5fc4f816309d9ca9a3f93d/asgiref-3.12.1.tar.gz", hash = "sha256:59dcb51c272ad209d59bed5708a64a333083e86017d7fcdd67498eeab7784340", size = 42378, upload-time = "2026-07-14T09:56:18.087Z" }
wheels = [
    { url = "https://files.pythonhosted.org/packages/c0/1b/54f4ad77cd8a584fa70746c47df988e002cf1ee1eba43364d46f87803647/asgiref-3.12.1-py3-none-any.whl", hash = "sha256:fe386d1c2bff7259ea95929266d12a8cf9a8b5a1c2598402967d8792e7a7c094", size = 25478, upload-time = "2026-07-14T09:56:16.926Z" },
]

[[package]]
name = "backoffice"
version = "0.1.0"
source = { virtual = "." }
dependencies = [
    { name = "dj-database-url" },
    { name = "django" },
    { name = "djangorestframework" },
    { name = "gunicorn" },
    { name = "openpyxl" },
    { name = "psycopg2-binary" },
    { name = "pymupdf" },
    { name = "python-dotenv" },
    { name = "whitenoise" },
]

[package.metadata]
requires-dist = [
    { name = "dj-database-url", specifier = ">=3.1.2" },
    { name = "django", specifier = ">=6.1.1" },
    { name = "djangorestframework", specifier = ">=3.18.0" },
    { name = "gunicorn", specifier = ">=26.2.0" },
    { name = "openpyxl", specifier = ">=3.1.5" },
    { name = "psycopg2-binary", specifier = ">=2.9.13" },
    { name = "pymupdf", specifier = ">=1.28.2" },
    { name = "python-dotenv", specifier = ">=1.2.3" },
    { name = "whitenoise", specifier = ">=6.12.0" },
]

[[package]]
name = "dj-database-url"
version = "3.1.2"
source = { registry = "https://pypi.org/simple" }
dependencies = [
    { name = "django" },
]
sdist = { url = "https://files.pythonhosted.org/packages/03/f6/00b625e9d371b980aa261011d0dc906a16444cb688f94215e0dc86996eb5/dj_database_url-3.1.2.tar.gz", hash = "sha256:63c20e4bbaa51690dfd4c8d189521f6bf6bc9da9fcdb23d95d2ee8ee87f9ec62", size = 11490, upload-time = "2026-02-19T15:30:23.638Z" }
wheels = [
    { url = "https://files.pythonhosted.org/packages/cf/a9/57c66006373381f1d3e5bd94216f1d371228a89f443d3030e010f73dd198/dj_database_url-3.1.2-py3-none-any.whl", hash = "sha256:544e015fee3efa5127a1eb1cca465f4ace578265b3671fe61d0ed7dbafb5ec8a", size = 8953, upload-time = "2026-02-19T15:30:39.37Z" },
]

[[package]]
name = "django"
version = "6.1.1"
source = { registry = "https://pypi.org/simple" }
dependencies = [
    { name = "asgiref" },
    { name = "sqlparse" },
    { name = "tzdata", marker = "sys_platform == 'win32'" },
]
sdist = { url = "https://files.pythonhosted.org/packages/f8/d4/8314b5bdef20832f0ac6ae3b3e4d4924e4759fa3b4af27609dd747e7a6be/django-6.1.1.tar.gz", hash = "sha256:7ab93536d8e677aa14554c56426290c69480bf2ee68d7513d4a22f57d6bfeb84", size = 11284905, upload-time = "2026-09-02T17:20:45.621Z" }
wheels = [
    { url = "https://files.pythonhosted.org/packages/8d/ca/c1040a4fd15754ede7df15fd72fc2e123045b473b253ab5f5284e11c651e/django-6.1.1-py3-none-any.whl", hash = "sha256:585fb82bf15053c42cf52e67c2f1b54a032dca384759315fd6678ab1870d1d72", size = 8419512, upload-time = "2026-09-02T17:20:39.153Z" },
]

[[package]]
name = "djangorestframework"
version = "3.18.0"
source = { registry = "https://pypi.org/simple" }
dependencies = [
    { name = "django" },
]
sdist = { url = "https://files.pythonhosted.org/packages/79/bc/de04e3d4dc65e8b926700956ee70d4f084f2005603d21122d4d0683006fd/djangorestframework-3.18.0.tar.gz", hash = "sha256:2323a5111837e0b784dcb8323abc78ecc54fa2a5af7aff2677cf50cdd849477f", size = 913667, upload-time = "2026-08-07T14:53:33.571Z" }
wheels = [
    { url = "https://files.pythonhosted.org/packages/51/d7/7461738e819b853275b35fd35712a85806c09a327e1fd5f8ff766bdd317e/djangorestframework-3.18.0-py3-none-any.whl", hash = "sha256:381fc44d3249c9565c5f723850855b734e99030eb30957a49f506d3fe11d7dcb", size = 900032, upload-time = "2026-08-07T14:53:31.881Z" },
]

[[package]]
name = "et-xmlfile"
version = "2.0.0"
source = { registry = "https://pypi.org/simple" }
sdist = { url = "https://files.pythonhosted.org/packages/d3/38/af70d7ab1ae9d4da450eeec1fa3918940a5fafb9055e934af8d6eb0c2313/et_xmlfile-2.0.0.tar.gz", hash = "sha256:dab3f4764309081ce75662649be815c4c9081e88f0837825f90fd28317d4da54", size = 17234, upload-time = "2024-10-25T17:25:40.039Z" }
wheels = [
    { url = "https://files.pythonhosted.org/packages/c1/8b/5fe2cc11fee489817272089c4203e679c63b570a5aaeb18d852ae3cbba6a/et_xmlfile-2.0.0-py3-none-any.whl", hash = "sha256:7a91720bc756843502c3b7504c77b8fe44217c85c537d85037f0f536151b2caa", size = 18059, upload-time = "2024-10-25T17:25:39.051Z" },
]

[[package]]
name = "gunicorn"
version = "26.2.0"
source = { registry = "https://pypi.org/simple" }
sdist = { url = "https://files.pythonhosted.org/packages/d9/8a/e4ef6ee11701b6cd64702848415ffb69eeff85cb388a3c6c7fe86f22f3f8/gunicorn-26.2.0.tar.gz", hash = "sha256:62b864895d9ebff0b2f9867ba04fe811c93121596540830c9c916d0769668447", size = 787921, upload-time = "2026-08-24T15:05:59.3Z" }
wheels = [
    { url = "https://files.pythonhosted.org/packages/fe/85/7522a52e5e2f42faf1a129113ab63e548c42e103e9af395b7bfe65e403e2/gunicorn-26.2.0-py3-none-any.whl", hash = "sha256:bd249d0b3f7972f7432f0a6b6ff3b3ee2d129f70cd1ff6c09a9dd9e29a2b88e3", size = 228389, upload-time = "2026-08-24T15:05:57.67Z" },
]

[[package]]
name = "openpyxl"
version = "3.1.5"
source = { registry = "https://pypi.org/simple" }
dependencies = [
    { name = "et-xmlfile" },
]
sdist = { url = "https://files.pythonhosted.org/packages/3d/f9/88d94a75de065ea32619465d2f77b29a0469500e99012523b91cc4141cd1/openpyxl-3.1.5.tar.gz", hash = "sha256:cf0e3cf56142039133628b5acffe8ef0c12bc902d2aadd3e0fe5878dc08d1050", size = 186464, upload-time = "2024-06-28T14:03:44.161Z" }
wheels = [
    { url = "https://files.pythonhosted.org/packages/c0/da/977ded879c29cbd04de313843e76868e6e13408a94ed6b987245dc7c8506/openpyxl-3.1.5-py2.py3-none-any.whl", hash = "sha256:5282c12b107bffeef825f4617dc029afaf41d0ea60823bbb665ef3079dc79de2", size = 250910, upload-time = "2024-06-28T14:03:41.161Z" },
]

[[package]]
name = "psycopg2-binary"
version = "2.9.13"
source = { registry = "https://pypi.org/simple" }
sdist = { url = "https://files.pythonhosted.org/packages/ed/76/7b4383014be0fcc6c1c0e24292845a14e1672cf17fca62ca0a2bd5f4563d/psycopg2_binary-2.9.13.tar.gz", hash = "sha256:e324ecf60f952d21dd11413b8bbed0951bbd99579a06fd06f28bfc37737cd373", size = 378112, upload-time = "2026-09-10T00:06:12.199Z" }
wheels = [
    { url = "https://files.pythonhosted.org/packages/82/0a/795f2869788373cf7d08410341a444196e8ccebbac07a70a8f9a1f60e72f/psycopg2_binary-2.9.13-cp313-cp313-macosx_10_13_x86_64.whl", hash = "sha256:4d66bfd44a46eb88cff0287929a4193fb45166b6c1f84bb1b233cc17ece0813c", size = 3725723, upload-time = "2026-09-09T23:55:15.887Z" },
    { url = "https://files.pythonhosted.org/packages/b5/63/5a9633f4563a73beba69b20a846ddd14c1c6ac072f5e8aab0da97ffabc2a/psycopg2_binary-2.9.13-cp313-cp313-macosx_11_0_arm64.whl", hash = "sha256:f818161d2302b3b3e9c75d5a1d0a5c5679e92e45cfec6432b9d5432dde5ff1f1", size = 3817976, upload-time = "2026-09-09T23:55:18.025Z" },
    { url = "https://files.pythonhosted.org/packages/6c/e2/b2e3b3a4331dc8b58e328cda30f3d0cc43a94b7aaf0c8383efd53dd10e95/psycopg2_binary-2.9.13-cp313-cp313-manylinux2014_ppc64le.manylinux_2_17_ppc64le.whl", hash = "sha256:31db6cba66df5231dfd91d9f69188bec3fe6c8baae384e93a0ce792067ee2d98", size = 4585813, upload-time = "2026-09-09T23:55:20.112Z" },
    { url = "https://files.pythonhosted.org/packages/56/5c/87daea77c4132114d1a5da3a4928dd59446c3b3cc73d288cae08cf0b91a6/psycopg2_binary-2.9.13-cp313-cp313-manylinux2014_x86_64.manylinux_2_17_x86_64.whl", hash = "sha256:f04ada42bcd537adbaf8b7f3140237a204e452a88d0c1831cfce69f7d2e59f4e", size = 4282438, upload-time = "2026-09-09T23:55:22.329Z" },
    { url = "https://files.pythonhosted.org/packages/91/e5/56f9efdc9337acbd1a75798d97163183b63a1babc17602f7163009506c96/psycopg2_binary-2.9.13-cp313-cp313-manylinux_2_27_aarch64.manylinux_2_28_aarch64.whl", hash = "sha256:aa37089795bd9701576edc2eb5849ce77a439eda9dfdfa47857449332cfa5292", size = 5902064, upload-time = "2026-09-09T23:55:24.37Z" },
    { url = "https://files.pythonhosted.org/packages/e4/15/f7ed0b90b47b73a9087306b42267eccfd919f92c0fb057e46bd2fa2efa4d/psycopg2_binary-2.9.13-cp313-cp313-manylinux_2_38_riscv64.manylinux_2_39_riscv64.whl", hash = "sha256:41c2eb569ebd0e1b02d30d361a46932923b193fe1b5e641fb4d547c75e218955", size = 4119848, upload-time = "2026-09-09T23:55:26.433Z" },
    { url = "https://files.pythonhosted.org/packages/42/08/3091347b9fc5766e979aba6b0756ad14ce867a6bb245f3d69ac71fb768c6/psycopg2_binary-2.9.13-cp313-cp313-musllinux_1_2_aarch64.whl", hash = "sha256:3f699a5225094a5c61402984e2fc1eca20e940223e76767c88189efb0c313f69", size = 3661129, upload-time = "2026-09-09T23:55:28.449Z" },
    { url = "https://files.pythonhosted.org/packages/34/c4/4f9a84d55484c9794b364548eb6e1fe10a57f123afd19729e5a1cc8ad7fc/psycopg2_binary-2.9.13-cp313-cp313-musllinux_1_2_ppc64le.whl", hash = "sha256:5f04ae99c9fbb94c3197ec88599ed7db921f6adcddfe83687a74c7ead4037c22", size = 3307262, upload-time = "2026-09-09T23:55:30.384Z" },
    { url = "https://files.pythonhosted.org/packages/83/42/6eba8306a61dc890805ae475a9e71790a1c5461ccacbd4f0a1f3f57b40f0/psycopg2_binary-2.9.13-cp313-cp313-musllinux_1_2_riscv64.whl", hash = "sha256:81404c37e0344ebcf10aac127d33d35137e5dbab1daf9f3deee46188fd5879c2", size = 3052898, upload-time = "2026-09-09T23:55:32.961Z" },
    { url = "https://files.pythonhosted.org/packages/b3/5d/42a8935ab280e8dcd7c07a655c0c3d25d62e9e242be1961ac14630f1294a/psycopg2_binary-2.9.13-cp313-cp313-musllinux_1_2_x86_64.whl", hash = "sha256:feb7b1856f6ca805cc0e08739858f6cdfed8ce903390126af30343c62899a389", size = 3355265, upload-time = "2026-09-09T23:55:35.071Z" },
    { url = "https://files.pythonhosted.org/packages/87/c2/0e0ffb4caeb651631cbc6c8ead83e2a16457750b1d2eb7f5ef111c1f4d36/psycopg2_binary-2.9.13-cp313-cp313-win_amd64.whl", hash = "sha256:691da68ae5dd7c3ac77514357d35ece7b1ba8b5f3e6c92735198aa6159c355c8", size = 2767914, upload-time = "2026-09-09T23:55:37.14Z" },
    { url = "https://files.pythonhosted.org/packages/5f/32/897c074cb99fbdda7d34b0a2546097a59162bb3d04c0d546ae4ec82345e3/psycopg2_binary-2.9.13-cp314-cp314-macosx_10_15_x86_64.whl", hash = "sha256:2ca263643ae37998ae04d18e431df34d0d61f12b47640dab585f14b6dbe00798", size = 3725788, upload-time = "2026-09-09T23:55:39.04Z" },
    { url = "https://files.pythonhosted.org/packages/0f/f4/e3a789de34c9ac25d20b25c2be583da16394a2ba0926da1c863653831f41/psycopg2_binary-2.9.13-cp314-cp314-macosx_11_0_arm64.whl", hash = "sha256:4c0214c7da18a28d108aa7108c8a3cca8035c7911ec97ef9ec0827569c9a2720", size = 3818111, upload-time = "2026-09-09T23:55:40.979Z" },
    { url = "https://files.pythonhosted.org/packages/72/29/647724c43ac510dbc59b80e20e85d439deb94f5d5a024153c32330fa041d/psycopg2_binary-2.9.13-cp314-cp314-manylinux2014_ppc64le.manylinux_2_17_ppc64le.whl", hash = "sha256:5d89e064bb12b40cad696cf4975e6da86f8c60f14cd06cb6c1bc0a7f5d01761f", size = 4586235, upload-time = "2026-09-09T23:55:43.012Z" },
    { url = "https://files.pythonhosted.org/packages/91/ad/7f52f92cc65c23778daff7eec4ee2099236694a0a4723a5f180d0708b607/psycopg2_binary-2.9.13-cp314-cp314-manylinux2014_x86_64.manylinux_2_17_x86_64.whl", hash = "sha256:190c18b97d9ef72f2e88c451b6588af90d6bd7bf54cb94b963280dc86a2c7076", size = 4282424, upload-time = "2026-09-09T23:55:44.843Z" },
    { url = "https://files.pythonhosted.org/packages/3d/2a/1a472059b198942d99651656e2bc610575584478bfe68d297ecabbd4887f/psycopg2_binary-2.9.13-cp314-cp314-manylinux_2_27_aarch64.manylinux_2_28_aarch64.whl", hash = "sha256:c00ebe9a2f31151aade0db233dc1446513a95e92c39ce055ee097af0ae86be1c", size = 5902365, upload-time = "2026-09-09T23:55:46.619Z" },
    { url = "https://files.pythonhosted.org/packages/91/1a/171ea5dac7b3a0fa57b3cb59c2ad6d7b8bc60732368fecfd2ed1f1288392/psycopg2_binary-2.9.13-cp314-cp314-manylinux_2_38_riscv64.manylinux_2_39_riscv64.whl", hash = "sha256:5085f7ff7b1e890f279577cedeb8c628957869a340fa34a39f7f406500b3c916", size = 4119938, upload-time = "2026-09-09T23:55:49.381Z" },
    { url = "https://files.pythonhosted.org/packages/41/ce/3c6d4ad71853a59eee6a575fe36df4bb40752a9735a27bd62af66b454ed5/psycopg2_binary-2.9.13-cp314-cp314-musllinux_1_2_aarch64.whl", hash = "sha256:4e55357d1943673d491bbabb171c891704fc6a22441fea539e05a5c27a79ea3c", size = 3661557, upload-time = "2026-09-09T23:55:51.269Z" },
    { url = "https://files.pythonhosted.org/packages/10/a3/1819a01bf951eab2afb5ca2a3d11f50500bf536fecff088154372a8d1985/psycopg2_binary-2.9.13-cp314-cp314-musllinux_1_2_ppc64le.whl", hash = "sha256:3e60b06ec7f9dc3e5f1106d12706514b6d6b92c3dc438fcdf4e43e65cc660d1b", size = 3307770, upload-time = "2026-09-09T23:55:53.196Z" },
    { url = "https://files.pythonhosted.org/packages/4e/df/22f4aec952cd5b2dd02f438399583ed69f7d04b90e7c31659d9571bbe188/psycopg2_binary-2.9.13-cp314-cp314-musllinux_1_2_riscv64.whl", hash = "sha256:dde942b46ce20f6c4464cdf551f3293207f803f4e4354454eb1f5599c3eb1fa1", size = 3052935, upload-time = "2026-09-09T23:55:55.117Z" },
    { url = "https://files.pythonhosted.org/packages/95/42/aab651bc22bafa961806ca3b21027bb0739a2730b0e6f7f0778baeb95e67/psycopg2_binary-2.9.13-cp314-cp314-musllinux_1_2_x86_64.whl", hash = "sha256:215777c62ce81c3b487cefdb6a41969944eb982309f91349ff3ca0323d6f17ed", size = 3355387, upload-time = "2026-09-09T23:55:57.366Z" },
    { url = "https://files.pythonhosted.org/packages/bc/af/3b8220633eaf955e95ea7be67d76e81a0d1cd3c76362ea504b91ffa079db/psycopg2_binary-2.9.13-cp314-cp314-win_amd64.whl", hash = "sha256:f3088eb80f58ed933c62d87128741d31e786edc862e23266d3c286763d646de0", size = 2863890, upload-time = "2026-09-09T23:55:59.056Z" },
    { url = "https://files.pythonhosted.org/packages/6e/f1/377d17fc8425220d17552691cd2b97aa232da92173f5dead71278b83f8ab/psycopg2_binary-2.9.13-cp315-cp315-macosx_10_15_x86_64.whl", hash = "sha256:38397def2d794ffde9db80f63d6820253e61b17483112652a318355f51a56f50", size = 3725913, upload-time = "2026-09-09T23:56:00.736Z" },
    { url = "https://files.pythonhosted.org/packages/67/64/27208e67cd6e663f69bf7bf905cf69db066a015c90ac9ca948a56a8e9d78/psycopg2_binary-2.9.13-cp315-cp315-macosx_11_0_arm64.whl", hash = "sha256:dff5c70ed9789ccb0d97ff4a7da51dc523a255c4ec95df188fa5d44adcae4ea8", size = 3818303, upload-time = "2026-09-09T23:56:02.551Z" },
    { url = "https://files.pythonhosted.org/packages/6b/98/67d2f34a1d18367b5f655bdd101759f8474286c74ffe701b7d6e3abd7fda/psycopg2_binary-2.9.13-cp315-cp315-manylinux2014_ppc64le.manylinux_2_17_ppc64le.whl", hash = "sha256:08d3b81a6a91775c937abf97d4c58fc9142e8e35fb91c387d24f81d15c98e6cf", size = 4586508, upload-time = "2026-09-09T23:56:04.706Z" },
    { url = "https://files.pythonhosted.org/packages/bb/47/46c227deaf322dceafa0b7b321b4e5de9cc797014b7a353349b2e09b1118/psycopg2_binary-2.9.13-cp315-cp315-manylinux2014_x86_64.manylinux_2_17_x86_64.whl", hash = "sha256:541a487a9ccd72b5e38f37f27b0ce78cb7eb3e336e7b5277d45463010c03a7a8", size = 4282383, upload-time = "2026-09-09T23:56:06.678Z" },
    { url = "https://files.pythonhosted.org/packages/f4/3c/e8705ffa381160d842eaf06a8446e8416f1a2497dd70a7e62277f3be6e7a/psycopg2_binary-2.9.13-cp315-cp315-manylinux_2_27_aarch64.manylinux_2_28_aarch64.whl", hash = "sha256:562fe2a43b30e781848dce63d9080c15414c777c96df348c4342558338cc7bf3", size = 5902765, upload-time = "2026-09-09T23:56:08.634Z" },
    { url = "https://files.pythonhosted.org/packages/53/cc/359821c18317228b8032456a3740c98045b719ed003a594b9ebac9330b86/psycopg2_binary-2.9.13-cp315-cp315-manylinux_2_38_riscv64.manylinux_2_39_riscv64.whl", hash = "sha256:dddfe650e7dda464d676c27fbedb5061f1ad05e1604627f54c770d7f799d36e9", size = 4122849, upload-time = "2026-09-09T23:56:10.671Z" },
    { url = "https://files.pythonhosted.org/packages/17/e5/4d935acb6d3258c7a767b3d527e54c0b537649101b55002a5dbcfe747e2a/psycopg2_binary-2.9.13-cp315-cp315-musllinux_1_2_aarch64.whl", hash = "sha256:4ff0f575cbb14f30445858dcfdd751e043486f5290915df78a9818bc74042eff", size = 3662084, upload-time = "2026-09-09T23:56:12.316Z" },
    { url = "https://files.pythonhosted.org/packages/89/56/9e9bbc7c773c5de7bb25dd35d7f041c2a6f0fcfa9207a1ceaf01a1bc687c/psycopg2_binary-2.9.13-cp315-cp315-musllinux_1_2_ppc64le.whl", hash = "sha256:d79530b4c1af657d5620a1d21b8e39f2996aa06821d5564d05b22d6b8cd413d0", size = 3308077, upload-time = "2026-09-09T23:56:15.262Z" },
    { url = "https://files.pythonhosted.org/packages/36/fa/ed742cd4e5dbddcb44702f9c4a97f7f5b62d97e3d9d00907ecc8ac750ef4/psycopg2_binary-2.9.13-cp315-cp315-musllinux_1_2_riscv64.whl", hash = "sha256:6ede8595767e19d30a7e8a84a7d47bfde6176d45d194fed08dbb68d1584a780b", size = 3055143, upload-time = "2026-09-09T23:56:17.168Z" },
    { url = "https://files.pythonhosted.org/packages/d5/3a/5c2cb71a844ee236be2ce91b286d797e34a21489909357c7cfba0f5c0197/psycopg2_binary-2.9.13-cp315-cp315-musllinux_1_2_x86_64.whl", hash = "sha256:0ebcf3c4266a695df9d0ef51296155f60c86ac51cf82f0d0dd2e827255a891c5", size = 3355374, upload-time = "2026-09-09T23:56:18.793Z" },
    { url = "https://files.pythonhosted.org/packages/e8/30/3991c9fdcca90a5a1e55435292f4d74d176da2be15f3998f6858da3658cc/psycopg2_binary-2.9.13-cp315-cp315-win_amd64.whl", hash = "sha256:1752b9821f1377404d65ac43af03d59a1eccc57fb2c1eb8305f9a3fe8eb7a8ba", size = 2867246, upload-time = "2026-09-09T23:56:20.501Z" },
]

[[package]]
name = "pymupdf"
version = "1.28.2"
source = { registry = "https://pypi.org/simple" }
sdist = { url = "https://files.pythonhosted.org/packages/a3/fb/b6761fa2d5266f2cdb24c3b91f4023070ab7848381417678e7a289a1d52a/pymupdf-1.28.2.tar.gz", hash = "sha256:5e0be7908a715aa20333caddd73f1d6f01e4cd0c26e869fa2dd0b7f344da2249", size = 87903557, upload-time = "2026-08-06T21:43:23.321Z" }
wheels = [
    { url = "https://files.pythonhosted.org/packages/b4/51/550c9a75c4ff3245cb4ecb7bb95cbe2ab7374230b8e2b7a1f7259444150b/pymupdf-1.28.2-cp310-abi3-macosx_10_15_x86_64.whl", hash = "sha256:5fc315b425ff1f7afdd1ea2f348205cb19b806767daae7ce4d64115799c2bae1", size = 24645079, upload-time = "2026-08-06T21:37:25.001Z" },
    { url = "https://files.pythonhosted.org/packages/fa/01/3591f781b417b382a8487a2356e927acfe858b1043bab0ec47f6805bb109/pymupdf-1.28.2-cp310-abi3-macosx_11_0_arm64.whl", hash = "sha256:7113846b35dbf0a033f088e4f4fb543dabeb4b0b12c112966a1ca1ee2d5eacae", size = 23875605, upload-time = "2026-08-06T21:37:40.369Z" },
    { url = "https://files.pythonhosted.org/packages/d2/86/4a68f080b71b46802178346af46486e1697508e760855ff5f3b218a6dff7/pymupdf-1.28.2-cp310-abi3-manylinux_2_28_aarch64.whl", hash = "sha256:3050a233dde1211efe89ada74e2add6238436434159f46097a1423aad2842545", size = 25095554, upload-time = "2026-08-06T21:37:58.485Z" },
    { url = "https://files.pythonhosted.org/packages/c7/06/dace3e27af26690cb20bead80dbac42941b0841eb689b8aabbd67dde16f0/pymupdf-1.28.2-cp310-abi3-manylinux_2_28_x86_64.whl", hash = "sha256:397d6715c1f0df7548a92d0afd8ce370fc48fa47aeefac16be2bc04a16a8227f", size = 25762500, upload-time = "2026-08-06T21:38:17.438Z" },
    { url = "https://files.pythonhosted.org/packages/e5/61/4146dfa1d8172a1ce8d59f0eed94896ddefb8deb2274534d0522fbb8abf5/pymupdf-1.28.2-cp310-abi3-musllinux_1_2_x86_64.whl", hash = "sha256:f89fb2d86d07d643a269f17a093105057e20c79c1d06c103b53600067b6d2b01", size = 25986309, upload-time = "2026-08-06T21:38:35.472Z" },
    { url = "https://files.pythonhosted.org/packages/52/60/1fb6e64676f7500ebe89054b9e5bbbe14d3101c92d5f1a40ac9a35227673/pymupdf-1.28.2-cp310-abi3-win32.whl", hash = "sha256:530ef543a3885b3b81cb72a854e7c5a625a9233201221132bb6c31698c6a2bdb", size = 18525353, upload-time = "2026-08-06T21:38:47.697Z" },
    { url = "https://files.pythonhosted.org/packages/4a/61/d563bbccba262f9dd6d2d35ccb72593648184d886188efb12d9ce8f34dd6/pymupdf-1.28.2-cp310-abi3-win_amd64.whl", hash = "sha256:ebd244918798502d7b4504c90410d1711a4d7675a32584ca30f1bab419ecbffe", size = 19826532, upload-time = "2026-08-06T21:39:00.213Z" },
    { url = "https://files.pythonhosted.org/packages/e2/93/08f404a1f0155fe24137cf2d3aabd3e2b4b08c62053ed89c60f2611be3e9/pymupdf-1.28.2-cp310-abi3-win_arm64.whl", hash = "sha256:ffe91a24edc75c80da2a4b62f50fc0f54632d34fc8fe4cbc48e5c7ff07cf8fb4", size = 19759252, upload-time = "2026-08-06T21:39:12.937Z" },
    { url = "https://files.pythonhosted.org/packages/58/8c/d897dcd32a25b58186c968b15ce4324ca029e9d96460de12325314e390be/pymupdf-1.28.2-cp313-abi3-pyemscripten_2025_0_wasm32.whl", hash = "sha256:2e1b574c0fd2cb238021033fd3c0f9c4388816638df064e4bfb56d9d81736dc8", size = 18399403, upload-time = "2026-08-06T21:39:25.008Z" },
    { url = "https://files.pythonhosted.org/packages/f6/f1/de34a1c53fe2bf8c6e71db84b0ced782d408970c9810d2b456a2ae96814c/pymupdf-1.28.2-cp314-cp314t-manylinux_2_28_x86_64.whl", hash = "sha256:fd481ed48bef56305c41fb7e05a055c03345c899c7b101dad086258b438f8168", size = 25802333, upload-time = "2026-08-06T21:39:41.426Z" },
]

[[package]]
name = "python-dotenv"
version = "1.2.3"
source = { registry = "https://pypi.org/simple" }
sdist = { url = "https://files.pythonhosted.org/packages/6a/53/ed9d74092561d4b01a2ef1349d52cdbc135e526c245f366b089cfca6de49/python_dotenv-1.2.3.tar.gz", hash = "sha256:a20a594dabeaa385725aa239d5244871c143ecb356add8a20fcf23773a6c3a35", size = 58945, upload-time = "2026-08-16T16:54:54.067Z" }
wheels = [
    { url = "https://files.pythonhosted.org/packages/0d/17/c5c6b53ddc18f297992099b3d9ec16c855c0ccc83263a21fe4d1c625ec6c/python_dotenv-1.2.3-py3-none-any.whl", hash = "sha256:904552145e8bfed22162c09dab1c2b9b54fefa7b23ba780f4f26ca0316b0f0d9", size = 22780, upload-time = "2026-08-16T16:54:52.473Z" },
]

[[package]]
name = "sqlparse"
version = "0.6.0"
source = { registry = "https://pypi.org/simple" }
sdist = { url = "https://files.pythonhosted.org/packages/5f/d3/3f06a1006f2261d1342aefb3c71eed02f5d4ca5bdbecd86ebc12ad38306e/sqlparse-0.6.0.tar.gz", hash = "sha256:113c35c75365ab9cc9c7231d68c6428fb11c085fc8e9eb1ad659b7ddbf6cd2b9", size = 178477, upload-time = "2026-08-13T19:16:06.396Z" }
wheels = [
    { url = "https://files.pythonhosted.org/packages/d9/50/f00935da0ec7cbf325f8dc4f772ae46fbc7b672dd62876e73f0a94adda57/sqlparse-0.6.0-py3-none-any.whl", hash = "sha256:b861c0288ce2fa56209a9a6412d2e066ac664b3873b89c26c9d8415e8e32996f", size = 50070, upload-time = "2026-08-13T19:16:04.062Z" },
]

[[package]]
name = "tzdata"
version = "2026.3"
source = { registry = "https://pypi.org/simple" }
sdist = { url = "https://files.pythonhosted.org/packages/92/ff/5a28bdfd8c3ebec42564ac7d0e54ca3db65044a9314a97f9564fa7a1e926/tzdata-2026.3.tar.gz", hash = "sha256:4a1518b8993086a7982523e071643f3c0e5f213e75b21318e78bcabfff9d1415", size = 198674, upload-time = "2026-07-10T08:50:37.887Z" }
wheels = [
    { url = "https://files.pythonhosted.org/packages/e5/6d/b53b99a9f2766d095985947a5782f1702cabb129a34f7a802d7197af832f/tzdata-2026.3-py2.py3-none-any.whl", hash = "sha256:dc096730c87af6cab1b171c9d532be840741ff5d459015e7f6947bd7d7e54931", size = 348168, upload-time = "2026-07-10T08:50:36.46Z" },
]

[[package]]
name = "whitenoise"
version = "6.12.0"
source = { registry = "https://pypi.org/simple" }
sdist = { url = "https://files.pythonhosted.org/packages/cb/2a/55b3f3a4ec326cd077c1c3defeee656b9298372a69229134d930151acd01/whitenoise-6.12.0.tar.gz", hash = "sha256:f723ebb76a112e98816ff80fcea0a6c9b8ecde835f8ddda25df7a30a3c2db6ad", size = 26841, upload-time = "2026-02-27T00:05:42.028Z" }
wheels = [
    { url = "https://files.pythonhosted.org/packages/db/eb/d5583a11486211f3ebd4b385545ae787f32363d453c19fffd81106c9c138/whitenoise-6.12.0-py3-none-any.whl", hash = "sha256:fc5e8c572e33ebf24795b47b6a7da8da3c00cff2349f5b04c02f28d0cc5a3cc2", size = 20302, upload-time = "2026-02-27T00:05:40.086Z" },
]
